
Microsoft Visual Studio Solution File, Format Version 12.00
# Visual Studio Version 17
VisualStudioVersion = 17.4.33110.190
MinimumVisualStudioVersion = 10.0.40219.1
Project("{9A19103F-16F7-4668-BE54-9A1E7A4F7556}") = "DuLib.ModBusL", "DuLib.ModBusL\DuLib.ModBusL.csproj", "{404FFA2C-150F-42FF-A902-69B6B0845750}"
EndProject
Project("{9A19103F-16F7-4668-BE54-9A1E7A4F7556}") = "DuLib.Zero", "DuLib.Zero\DuLib.Zero.csproj", "{901F396E-BC86-4EEC-87E0-B5C152901D44}"
EndProject
Global
	GlobalSection(SolutionConfigurationPlatforms) = preSolution
		Debug|Any CPU = Debug|Any CPU
		Release|Any CPU = Release|Any CPU
	EndGlobalSection
	GlobalSection(ProjectConfigurationPlatforms) = postSolution
		{404FFA2C-150F-42FF-A902-69B6B0845750}.Debug|Any CPU.ActiveCfg = Debug|Any CPU
		{404FFA2C-150F-42FF-A902-69B6B0845750}.Debug|Any CPU.Build.0 = Debug|Any CPU
		{404FFA2C-150F-42FF-A902-69B6B0845750}.Release|Any CPU.ActiveCfg = Release|Any CPU
		{404FFA2C-150F-42FF-A902-69B6B0845750}.Release|Any CPU.Build.0 = Release|Any CPU
		{901F396E-BC86-4EEC-87E0-B5C152901D44}.Debug|Any CPU.ActiveCfg = Debug|Any CPU
		{901F396E-BC86-4EEC-87E0-B5C152901D44}.Debug|Any CPU.Build.0 = Debug|Any CPU
		{901F396E-BC86-4EEC-87E0-B5C152901D44}.Release|Any CPU.ActiveCfg = Release|Any CPU
		{901F396E-BC86-4EEC-87E0-B5C152901D44}.Release|Any CPU.Build.0 = Release|Any CPU
	EndGlobalSection
	GlobalSection(SolutionProperties) = preSolution
		HideSolutionNode = FALSE
	EndGlobalSection
	GlobalSection(ExtensibilityGlobals) = postSolution
		SolutionGuid = {634FE0E0-C72B-4375-98F4-1E4E66E44066}
	EndGlobalSection
EndGlobal
